
Microsoft Visual Studio Solution File, Format Version 12.00
# Visual Studio Version 17
VisualStudioVersion = 17.8.34309.116
MinimumVisualStudioVersion = 10.0.40219.1
Project("{FAE04EC0-301F-11D3-BF4B-00C04F79EFBC}") = "MauiCardSwipe", "MauiCardSwipe\MauiCardSwipe.csproj", "{9DFDB03C-738C-4A97-878A-8D9B13E2656A}"
EndProject
Global
	GlobalSection(SolutionConfigurationPlatforms) = preSolution
		Debug|Any CPU = Debug|Any CPU
		Release|Any CPU = Release|Any CPU
	EndGlobalSection
	GlobalSection(ProjectConfigurationPlatforms) = postSolution
		{9DFDB03C-738C-4A97-878A-8D9B13E2656A}.Debug|Any CPU.ActiveCfg = Debug|Any CPU
		{9DFDB03C-738C-4A97-878A-8D9B13E2656A}.Debug|Any CPU.Build.0 = Debug|Any CPU
		{9DFDB03C-738C-4A97-878A-8D9B13E2656A}.Release|Any CPU.ActiveCfg = Release|Any CPU
		{9DFDB03C-738C-4A97-878A-8D9B13E2656A}.Release|Any CPU.Build.0 = Release|Any CPU
	EndGlobalSection
	GlobalSection(SolutionProperties) = preSolution
		HideSolutionNode = FALSE
	EndGlobalSection
	GlobalSection(ExtensibilityGlobals) = postSolution
		SolutionGuid = {C791DAD6-148B-4C47-B25E-3577C8ED1F7E}
	EndGlobalSection
EndGlobal
